
Microsoft Visual Studio Solution File, Format Version 12.00
# Visual Studio Version 16
VisualStudioVersion = 16.0.29509.3
MinimumVisualStudioVersion = 10.0.40219.1
Project("{FAE04EC0-301F-11D3-BF4B-00C04F79EFBC}") = "GraphQLProvider", "GraphQLProvider\GraphQLProvider.csproj", "{774D6775-5284-44B1-8733-09B6519278A8}"
EndProject
Global
	GlobalSection(SolutionConfigurationPlatforms) = preSolution
		Debug|Any CPU = Debug|Any CPU
		Release|Any CPU = Release|Any CPU
	EndGlobalSection
	GlobalSection(ProjectConfigurationPlatforms) = postSolution
		{774D6775-5284-44B1-8733-09B6519278A8}.Debug|Any CPU.ActiveCfg = Debug|Any CPU
		{774D6775-5284-44B1-8733-09B6519278A8}.Debug|Any CPU.Build.0 = Debug|Any CPU
		{774D6775-5284-44B1-8733-09B6519278A8}.Release|Any CPU.ActiveCfg = Release|Any CPU
		{774D6775-5284-44B1-8733-09B6519278A8}.Release|Any CPU.Build.0 = Release|Any CPU
	EndGlobalSection
	GlobalSection(SolutionProperties) = preSolution
		HideSolutionNode = FALSE
	EndGlobalSection
	GlobalSection(ExtensibilityGlobals) = postSolution
		SolutionGuid = {E2E69166-C6B6-40AE-AA93-11559D86737C}
	EndGlobalSection
EndGlobal
